
Microsoft Visual Studio Solution File, Format Version 12.00
# Visual Studio Version 17
VisualStudioVersion = 17.10.35013.160
MinimumVisualStudioVersion = 10.0.40219.1
Project("{9A19103F-16F7-4668-BE54-9A1E7A4F7556}") = "CollegeManagement", "CollegeManagement.csproj", "{C5AE22F1-1BA6-48A3-ABB1-D8033D9D30E1}"
EndProject
Project("{9A19103F-16F7-4668-BE54-9A1E7A4F7556}") = "CollegeManagement.Tests", "..\CollegeManagement.Tests\CollegeManagement.Tests.csproj", "{6A5C5A4D-5B1A-4A8B-A7F7-0A8A9B7C2C41}"
EndProject
Global
	GlobalSection(SolutionConfigurationPlatforms) = preSolution
		Debug|Any CPU = Debug|Any CPU
		Release|Any CPU = Release|Any CPU
	EndGlobalSection
	GlobalSection(ProjectConfigurationPlatforms) = postSolution
		{C5AE22F1-1BA6-48A3-ABB1-D8033D9D30E1}.Debug|Any CPU.ActiveCfg = Debug|Any CPU
		{C5AE22F1-1BA6-48A3-ABB1-D8033D9D30E1}.Debug|Any CPU.Build.0 = Debug|Any CPU
		{C5AE22F1-1BA6-48A3-ABB1-D8033D9D30E1}.Release|Any CPU.ActiveCfg = Release|Any CPU
		{C5AE22F1-1BA6-48A3-ABB1-D8033D9D30E1}.Release|Any CPU.Build.0 = Release|Any CPU
		{6A5C5A4D-5B1A-4A8B-A7F7-0A8A9B7C2C41}.Debug|Any CPU.ActiveCfg = Debug|Any CPU
		{6A5C5A4D-5B1A-4A8B-A7F7-0A8A9B7C2C41}.Debug|Any CPU.Build.0 = Debug|Any CPU
		{6A5C5A4D-5B1A-4A8B-A7F7-0A8A9B7C2C41}.Release|Any CPU.ActiveCfg = Release|Any CPU
		{6A5C5A4D-5B1A-4A8B-A7F7-0A8A9B7C2C41}.Release|Any CPU.Build.0 = Release|Any CPU
	EndGlobalSection
	GlobalSection(SolutionProperties) = preSolution
		HideSolutionNode = FALSE
	EndGlobalSection
	GlobalSection(ExtensibilityGlobals) = postSolution
		SolutionGuid = {695F7639-0650-4F5E-93F5-B804475E0EFB}
	EndGlobalSection
EndGlobal
